
Microsoft Visual Studio Solution File, Format Version 12.00
# Visual Studio 15
VisualStudioVersion = 15.0.26124.0
MinimumVisualStudioVersion = 15.0.26124.0
Project("{2150E333-8FDC-42A3-9474-1A3956D46DE8}") = "src", "src", "{EBBA4FD8-53C6-459B-84C3-4B0CF5D147EB}"
EndProject
Project("{FAE04EC0-301F-11D3-BF4B-00C04F79EFBC}") = "Fibonacci", "src\Fibonacci\Fibonacci.csproj", "{0BC46689-EF94-45AA-83AC-D0F1A1DFFA7D}"
EndProject
Project("{2150E333-8FDC-42A3-9474-1A3956D46DE8}") = "tests", "tests", "{FBF3C97C-1041-450B-B429-9C42B1CFCF70}"
EndProject
Project("{FAE04EC0-301F-11D3-BF4B-00C04F79EFBC}") = "Fibonacci.Tests", "tests\Fibonacci.Tests\Fibonacci.Tests.csproj", "{77736B26-AB6D-4645-9072-8CA590EC4244}"
EndProject
Project("{2150E333-8FDC-42A3-9474-1A3956D46DE8}") = "benchmarks", "benchmarks", "{AFF8895D-7270-4D8C-BF2D-B98BB24F5B63}"
EndProject
Project("{FAE04EC0-301F-11D3-BF4B-00C04F79EFBC}") = "Fibonacci.Benchmarks", "benchmarks\Fibonacci.Benchmarks\Fibonacci.Benchmarks.csproj", "{C55BEC42-4559-45E2-A396-61B023E0D85C}"
EndProject
Project("{FAE04EC0-301F-11D3-BF4B-00C04F79EFBC}") = "Sort", "src\Sort\Sort.csproj", "{E6940936-5FCE-4A34-8C0F-0DBC0B4DAB85}"
EndProject
Project("{FAE04EC0-301F-11D3-BF4B-00C04F79EFBC}") = "Sort.Benchmarks", "benchmarks\Sort.Benchmarks\Sort.Benchmarks.csproj", "{0FC008F8-B66B-425C-AB38-2775C48B0AD2}"
EndProject
Project("{FAE04EC0-301F-11D3-BF4B-00C04F79EFBC}") = "Sort.Tests", "tests\Sort.Tests\Sort.Tests.csproj", "{594C4029-B74F-47B1-854E-8DE68200B762}"
EndProject
Global
	GlobalSection(SolutionConfigurationPlatforms) = preSolution
		Debug|Any CPU = Debug|Any CPU
		Debug|x64 = Debug|x64
		Debug|x86 = Debug|x86
		Release|Any CPU = Release|Any CPU
		Release|x64 = Release|x64
		Release|x86 = Release|x86
	EndGlobalSection
	GlobalSection(SolutionProperties) = preSolution
		HideSolutionNode = FALSE
	EndGlobalSection
	GlobalSection(ProjectConfigurationPlatforms) = postSolution
		{0BC46689-EF94-45AA-83AC-D0F1A1DFFA7D}.Debug|Any CPU.ActiveCfg = Debug|Any CPU
		{0BC46689-EF94-45AA-83AC-D0F1A1DFFA7D}.Debug|Any CPU.Build.0 = Debug|Any CPU
		{0BC46689-EF94-45AA-83AC-D0F1A1DFFA7D}.Debug|x64.ActiveCfg = Debug|Any CPU
		{0BC46689-EF94-45AA-83AC-D0F1A1DFFA7D}.Debug|x64.Build.0 = Debug|Any CPU
		{0BC46689-EF94-45AA-83AC-D0F1A1DFFA7D}.Debug|x86.ActiveCfg = Debug|Any CPU
		{0BC46689-EF94-45AA-83AC-D0F1A1DFFA7D}.Debug|x86.Build.0 = Debug|Any CPU
		{0BC46689-EF94-45AA-83AC-D0F1A1DFFA7D}.Release|Any CPU.ActiveCfg = Release|Any CPU
		{0BC46689-EF94-45AA-83AC-D0F1A1DFFA7D}.Release|Any CPU.Build.0 = Release|Any CPU
		{0BC46689-EF94-45AA-83AC-D0F1A1DFFA7D}.Release|x64.ActiveCfg = Release|Any CPU
		{0BC46689-EF94-45AA-83AC-D0F1A1DFFA7D}.Release|x64.Build.0 = Release|Any CPU
		{0BC46689-EF94-45AA-83AC-D0F1A1DFFA7D}.Release|x86.ActiveCfg = Release|Any CPU
		{0BC46689-EF94-45AA-83AC-D0F1A1DFFA7D}.Release|x86.Build.0 = Release|Any CPU
		{77736B26-AB6D-4645-9072-8CA590EC4244}.Debug|Any CPU.ActiveCfg = Debug|Any CPU
		{77736B26-AB6D-4645-9072-8CA590EC4244}.Debug|Any CPU.Build.0 = Debug|Any CPU
		{77736B26-AB6D-4645-9072-8CA590EC4244}.Debug|x64.ActiveCfg = Debug|Any CPU
		{77736B26-AB6D-4645-9072-8CA590EC4244}.Debug|x64.Build.0 = Debug|Any CPU
		{77736B26-AB6D-4645-9072-8CA590EC4244}.Debug|x86.ActiveCfg = Debug|Any CPU
		{77736B26-AB6D-4645-9072-8CA590EC4244}.Debug|x86.Build.0 = Debug|Any CPU
		{77736B26-AB6D-4645-9072-8CA590EC4244}.Release|Any CPU.ActiveCfg = Release|Any CPU
		{77736B26-AB6D-4645-9072-8CA590EC4244}.Release|Any CPU.Build.0 = Release|Any CPU
		{77736B26-AB6D-4645-9072-8CA590EC4244}.Release|x64.ActiveCfg = Release|Any CPU
		{77736B26-AB6D-4645-9072-8CA590EC4244}.Release|x64.Build.0 = Release|Any CPU
		{77736B26-AB6D-4645-9072-8CA590EC4244}.Release|x86.ActiveCfg = Release|Any CPU
		{77736B26-AB6D-4645-9072-8CA590EC4244}.Release|x86.Build.0 = Release|Any CPU
		{C55BEC42-4559-45E2-A396-61B023E0D85C}.Debug|Any CPU.ActiveCfg = Debug|Any CPU
		{C55BEC42-4559-45E2-A396-61B023E0D85C}.Debug|Any CPU.Build.0 = Debug|Any CPU
		{C55BEC42-4559-45E2-A396-61B023E0D85C}.Debug|x64.ActiveCfg = Debug|Any CPU
		{C55BEC42-4559-45E2-A396-61B023E0D85C}.Debug|x64.Build.0 = Debug|Any CPU
		{C55BEC42-4559-45E2-A396-61B023E0D85C}.Debug|x86.ActiveCfg = Debug|Any CPU
		{C55BEC42-4559-45E2-A396-61B023E0D85C}.Debug|x86.Build.0 = Debug|Any CPU
		{C55BEC42-4559-45E2-A396-61B023E0D85C}.Release|Any CPU.ActiveCfg = Release|Any CPU
		{C55BEC42-4559-45E2-A396-61B023E0D85C}.Release|Any CPU.Build.0 = Release|Any CPU
		{C55BEC42-4559-45E2-A396-61B023E0D85C}.Release|x64.ActiveCfg = Release|Any CPU
		{C55BEC42-4559-45E2-A396-61B023E0D85C}.Release|x64.Build.0 = Release|Any CPU
		{C55BEC42-4559-45E2-A396-61B023E0D85C}.Release|x86.ActiveCfg = Release|Any CPU
		{C55BEC42-4559-45E2-A396-61B023E0D85C}.Release|x86.Build.0 = Release|Any CPU
		{E6940936-5FCE-4A34-8C0F-0DBC0B4DAB85}.Debug|Any CPU.ActiveCfg = Debug|Any CPU
		{E6940936-5FCE-4A34-8C0F-0DBC0B4DAB85}.Debug|Any CPU.Build.0 = Debug|Any CPU
		{E6940936-5FCE-4A34-8C0F-0DBC0B4DAB85}.Debug|x64.ActiveCfg = Debug|Any CPU
		{E6940936-5FCE-4A34-8C0F-0DBC0B4DAB85}.Debug|x64.Build.0 = Debug|Any CPU
		{E6940936-5FCE-4A34-8C0F-0DBC0B4DAB85}.Debug|x86.ActiveCfg = Debug|Any CPU
		{E6940936-5FCE-4A34-8C0F-0DBC0B4DAB85}.Debug|x86.Build.0 = Debug|Any CPU
		{E6940936-5FCE-4A34-8C0F-0DBC0B4DAB85}.Release|Any CPU.ActiveCfg = Release|Any CPU
		{E6940936-5FCE-4A34-8C0F-0DBC0B4DAB85}.Release|Any CPU.Build.0 = Release|Any CPU
		{E6940936-5FCE-4A34-8C0F-0DBC0B4DAB85}.Release|x64.ActiveCfg = Release|Any CPU
		{E6940936-5FCE-4A34-8C0F-0DBC0B4DAB85}.Release|x64.Build.0 = Release|Any CPU
		{E6940936-5FCE-4A34-8C0F-0DBC0B4DAB85}.Release|x86.ActiveCfg = Release|Any CPU
		{E6940936-5FCE-4A34-8C0F-0DBC0B4DAB85}.Release|x86.Build.0 = Release|Any CPU
		{0FC008F8-B66B-425C-AB38-2775C48B0AD2}.Debug|Any CPU.ActiveCfg = Debug|Any CPU
		{0FC008F8-B66B-425C-AB38-2775C48B0AD2}.Debug|Any CPU.Build.0 = Debug|Any CPU
		{0FC008F8-B66B-425C-AB38-2775C48B0AD2}.Debug|x64.ActiveCfg = Debug|Any CPU
		{0FC008F8-B66B-425C-AB38-2775C48B0AD2}.Debug|x64.Build.0 = Debug|Any CPU
		{0FC008F8-B66B-425C-AB38-2775C48B0AD2}.Debug|x86.ActiveCfg = Debug|Any CPU
		{0FC008F8-B66B-425C-AB38-2775C48B0AD2}.Debug|x86.Build.0 = Debug|Any CPU
		{0FC008F8-B66B-425C-AB38-2775C48B0AD2}.Release|Any CPU.ActiveCfg = Release|Any CPU
		{0FC008F8-B66B-425C-AB38-2775C48B0AD2}.Release|Any CPU.Build.0 = Release|Any CPU
		{0FC008F8-B66B-425C-AB38-2775C48B0AD2}.Release|x64.ActiveCfg = Release|Any CPU
		{0FC008F8-B66B-425C-AB38-2775C48B0AD2}.Release|x64.Build.0 = Release|Any CPU
		{0FC008F8-B66B-425C-AB38-2775C48B0AD2}.Release|x86.ActiveCfg = Release|Any CPU
		{0FC008F8-B66B-425C-AB38-2775C48B0AD2}.Release|x86.Build.0 = Release|Any CPU
		{594C4029-B74F-47B1-854E-8DE68200B762}.Debug|Any CPU.ActiveCfg = Debug|Any CPU
		{594C4029-B74F-47B1-854E-8DE68200B762}.Debug|Any CPU.Build.0 = Debug|Any CPU
		{594C4029-B74F-47B1-854E-8DE68200B762}.Debug|x64.ActiveCfg = Debug|Any CPU
		{594C4029-B74F-47B1-854E-8DE68200B762}.Debug|x64.Build.0 = Debug|Any CPU
		{594C4029-B74F-47B1-854E-8DE68200B762}.Debug|x86.ActiveCfg = Debug|Any CPU
		{594C4029-B74F-47B1-854E-8DE68200B762}.Debug|x86.Build.0 = Debug|Any CPU
		{594C4029-B74F-47B1-854E-8DE68200B762}.Release|Any CPU.ActiveCfg = Release|Any CPU
		{594C4029-B74F-47B1-854E-8DE68200B762}.Release|Any CPU.Build.0 = Release|Any CPU
		{594C4029-B74F-47B1-854E-8DE68200B762}.Release|x64.ActiveCfg = Release|Any CPU
		{594C4029-B74F-47B1-854E-8DE68200B762}.Release|x64.Build.0 = Release|Any CPU
		{594C4029-B74F-47B1-854E-8DE68200B762}.Release|x86.ActiveCfg = Release|Any CPU
		{594C4029-B74F-47B1-854E-8DE68200B762}.Release|x86.Build.0 = Release|Any CPU
	EndGlobalSection
	GlobalSection(NestedProjects) = preSolution
		{0BC46689-EF94-45AA-83AC-D0F1A1DFFA7D} = {EBBA4FD8-53C6-459B-84C3-4B0CF5D147EB}
		{77736B26-AB6D-4645-9072-8CA590EC4244} = {FBF3C97C-1041-450B-B429-9C42B1CFCF70}
		{C55BEC42-4559-45E2-A396-61B023E0D85C} = {AFF8895D-7270-4D8C-BF2D-B98BB24F5B63}
		{E6940936-5FCE-4A34-8C0F-0DBC0B4DAB85} = {EBBA4FD8-53C6-459B-84C3-4B0CF5D147EB}
		{0FC008F8-B66B-425C-AB38-2775C48B0AD2} = {AFF8895D-7270-4D8C-BF2D-B98BB24F5B63}
		{594C4029-B74F-47B1-854E-8DE68200B762} = {FBF3C97C-1041-450B-B429-9C42B1CFCF70}
	EndGlobalSection
EndGlobal
